// !$*UTF8*$!
{
	archiveVersion = 1;
	classes = {
	};
	objectVersion = 56;
	objects = {

/* Begin PBXBuildFile section */
		2E194D8B2C76B19F0064621E /* QuickNotes Watch App.app in Embed Watch Content */ = {isa = PBXBuildFile; fileRef = 2E194D8A2C76B19F0064621E /* QuickNotes Watch App.app */; settings = {ATTRIBUTES = (RemoveHeadersOnCopy, ); }; };
		2E194D922C76B1A00064621E /* ContentView.swift in Sources */ = {isa = PBXBuildFile; fileRef = 2E194D912C76B1A00064621E /* ContentView.swift */; };
		2E194D942C76B1A10064621E /* Assets.xcassets in Resources */ = {isa = PBXBuildFile; fileRef = 2E194D932C76B1A10064621E /* Assets.xcassets */; };
		2E194D972C76B1A10064621E /* Preview Assets.xcassets in Resources */ = {isa = PBXBuildFile; fileRef = 2E194D962C76B1A10064621E /* Preview Assets.xcassets */; };
		2E194DA12C76B1A10064621E /* QuickNotes_Watch_AppTests.swift in Sources */ = {isa = PBXBuildFile; fileRef = 2E194DA02C76B1A10064621E /* QuickNotes_Watch_AppTests.swift */; };
		2E194DAB2C76B1A10064621E /* QuickNotes_Watch_AppUITests.swift in Sources */ = {isa = PBXBuildFile; fileRef = 2E194DAA2C76B1A10064621E /* QuickNotes_Watch_AppUITests.swift */; };
		2E194DAD2C76B1A10064621E /* QuickNotes_Watch_AppUITestsLaunchTests.swift in Sources */ = {isa = PBXBuildFile; fileRef = 2E194DAC2C76B1A10064621E /* QuickNotes_Watch_AppUITestsLaunchTests.swift */; };
		2E75BD422C7854050012A8CD /* AudioHandling.swift in Sources */ = {isa = PBXBuildFile; fileRef = 2E75BD412C7854050012A8CD /* AudioHandling.swift */; };
		2E75BD462C78743A0012A8CD /* QuickNotesApp.swift in Sources */ = {isa = PBXBuildFile; fileRef = 2E75BD452C78743A0012A8CD /* QuickNotesApp.swift */; };
/* End PBXBuildFile section */

/* Begin PBXContainerItemProxy section */
		2E194D8C2C76B19F0064621E /* PBXContainerItemProxy */ = {
			isa = PBXContainerItemProxy;
			containerPortal = 2E194D7E2C76B19F0064621E /* Project object */;
			proxyType = 1;
			remoteGlobalIDString = 2E194D892C76B19F0064621E;
			remoteInfo = "QuickNotes Watch App";
		};
		2E194D9D2C76B1A10064621E /* PBXContainerItemProxy */ = {
			isa = PBXContainerItemProxy;
			containerPortal = 2E194D7E2C76B19F0064621E /* Project object */;
			proxyType = 1;
			remoteGlobalIDString = 2E194D892C76B19F0064621E;
			remoteInfo = "QuickNotes Watch App";
		};
		2E194DA72C76B1A10064621E /* PBXContainerItemProxy */ = {
			isa = PBXContainerItemProxy;
			containerPortal = 2E194D7E2C76B19F0064621E /* Project object */;
			proxyType = 1;
			remoteGlobalIDString = 2E194D892C76B19F0064621E;
			remoteInfo = "QuickNotes Watch App";
		};
/* End PBXContainerItemProxy section */

/* Begin PBXCopyFilesBuildPhase section */
		2E194DB32C76B1A10064621E /* Embed Watch Content */ = {
			isa = PBXCopyFilesBuildPhase;
			buildActionMask = 2147483647;
			dstPath = "$(CONTENTS_FOLDER_PATH)/Watch";
			dstSubfolderSpec = 16;
			files = (
				2E194D8B2C76B19F0064621E /* QuickNotes Watch App.app in Embed Watch Content */,
			);
			name = "Embed Watch Content";
			runOnlyForDeploymentPostprocessing = 0;
		};
/* End PBXCopyFilesBuildPhase section */

/* Begin PBXFileReference section */
		2E194D842C76B19F0064621E /* QuickNotes.app */ = {isa = PBXFileReference; explicitFileType = wrapper.application; includeInIndex = 0; path = QuickNotes.app; sourceTree = BUILT_PRODUCTS_DIR; };
		2E194D8A2C76B19F0064621E /* QuickNotes Watch App.app */ = {isa = PBXFileReference; explicitFileType = wrapper.application; includeInIndex = 0; path = "QuickNotes Watch App.app"; sourceTree = BUILT_PRODUCTS_DIR; };
		2E194D912C76B1A00064621E /* ContentView.swift */ = {isa = PBXFileReference; lastKnownFileType = sourcecode.swift; path = ContentView.swift; sourceTree = "<group>"; };
		2E194D932C76B1A10064621E /* Assets.xcassets */ = {isa = PBXFileReference; lastKnownFileType = folder.assetcatalog; path = Assets.xcassets; sourceTree = "<group>"; };
		2E194D962C76B1A10064621E /* Preview Assets.xcassets */ = {isa = PBXFileReference; lastKnownFileType = folder.assetcatalog; path = "Preview Assets.xcassets"; sourceTree = "<group>"; };
		2E194D9C2C76B1A10064621E /* QuickNotes Watch AppTests.xctest */ = {isa = PBXFileReference; explicitFileType = wrapper.cfbundle; includeInIndex = 0; path = "QuickNotes Watch AppTests.xctest"; sourceTree = BUILT_PRODUCTS_DIR; };
		2E194DA02C76B1A10064621E /* QuickNotes_Watch_AppTests.swift */ = {isa = PBXFileReference; lastKnownFileType = sourcecode.swift; path = QuickNotes_Watch_AppTests.swift; sourceTree = "<group>"; };
		2E194DA62C76B1A10064621E /* QuickNotes Watch AppUITests.xctest */ = {isa = PBXFileReference; explicitFileType = wrapper.cfbundle; includeInIndex = 0; path = "QuickNotes Watch AppUITests.xctest"; sourceTree = BUILT_PRODUCTS_DIR; };
		2E194DAA2C76B1A10064621E /* QuickNotes_Watch_AppUITests.swift */ = {isa = PBXFileReference; lastKnownFileType = sourcecode.swift; path = QuickNotes_Watch_AppUITests.swift; sourceTree = "<group>"; };
		2E194DAC2C76B1A10064621E /* QuickNotes_Watch_AppUITestsLaunchTests.swift */ = {isa = PBXFileReference; lastKnownFileType = sourcecode.swift; path = QuickNotes_Watch_AppUITestsLaunchTests.swift; sourceTree = "<group>"; };
		2E75BD412C7854050012A8CD /* AudioHandling.swift */ = {isa = PBXFileReference; lastKnownFileType = sourcecode.swift; path = AudioHandling.swift; sourceTree = "<group>"; };
		2E75BD452C78743A0012A8CD /* QuickNotesApp.swift */ = {isa = PBXFileReference; fileEncoding = 4; lastKnownFileType = sourcecode.swift; name = QuickNotesApp.swift; path = ../../../../.Trash/QuickNotesApp.swift; sourceTree = "<group>"; };
/* End PBXFileReference section */

/* Begin PBXFrameworksBuildPhase section */
		2E194D872C76B19F0064621E /* Frameworks */ = {
			isa = PBXFrameworksBuildPhase;
			buildActionMask = 2147483647;
			files = (
			);
			runOnlyForDeploymentPostprocessing = 0;
		};
		2E194D992C76B1A10064621E /* Frameworks */ = {
			isa = PBXFrameworksBuildPhase;
			buildActionMask = 2147483647;
			files = (
			);
			runOnlyForDeploymentPostprocessing = 0;
		};
		2E194DA32C76B1A10064621E /* Frameworks */ = {
			isa = PBXFrameworksBuildPhase;
			buildActionMask = 2147483647;
			files = (
			);
			runOnlyForDeploymentPostprocessing = 0;
		};
/* End PBXFrameworksBuildPhase section */

/* Begin PBXGroup section */
		2E194D7D2C76B19F0064621E = {
			isa = PBXGroup;
			children = (
				2E194D8E2C76B19F0064621E /* QuickNotes Watch App */,
				2E194D9F2C76B1A10064621E /* QuickNotes Watch AppTests */,
				2E194DA92C76B1A10064621E /* QuickNotes Watch AppUITests */,
				2E194D852C76B19F0064621E /* Products */,
			);
			sourceTree = "<group>";
		};
		2E194D852C76B19F0064621E /* Products */ = {
			isa = PBXGroup;
			children = (
				2E194D842C76B19F0064621E /* QuickNotes.app */,
				2E194D8A2C76B19F0064621E /* QuickNotes Watch App.app */,
				2E194D9C2C76B1A10064621E /* QuickNotes Watch AppTests.xctest */,
				2E194DA62C76B1A10064621E /* QuickNotes Watch AppUITests.xctest */,
			);
			name = Products;
			sourceTree = "<group>";
		};
		2E194D8E2C76B19F0064621E /* QuickNotes Watch App */ = {
			isa = PBXGroup;
			children = (
				2E75BD452C78743A0012A8CD /* QuickNotesApp.swift */,
				2E194D912C76B1A00064621E /* ContentView.swift */,
				2E75BD412C7854050012A8CD /* AudioHandling.swift */,
				2E194D932C76B1A10064621E /* Assets.xcassets */,
				2E194D952C76B1A10064621E /* Preview Content */,
			);
			path = "QuickNotes Watch App";
			sourceTree = "<group>";
		};
		2E194D952C76B1A10064621E /* Preview Content */ = {
			isa = PBXGroup;
			children = (
				2E194D962C76B1A10064621E /* Preview Assets.xcassets */,
			);
			path = "Preview Content";
			sourceTree = "<group>";
		};
		2E194D9F2C76B1A10064621E /* QuickNotes Watch AppTests */ = {
			isa = PBXGroup;
			children = (
				2E194DA02C76B1A10064621E /* QuickNotes_Watch_AppTests.swift */,
			);
			path = "QuickNotes Watch AppTests";
			sourceTree = "<group>";
		};
		2E194DA92C76B1A10064621E /* QuickNotes Watch AppUITests */ = {
			isa = PBXGroup;
			children = (
				2E194DAA2C76B1A10064621E /* QuickNotes_Watch_AppUITests.swift */,
				2E194DAC2C76B1A10064621E /* QuickNotes_Watch_AppUITestsLaunchTests.swift */,
			);
			path = "QuickNotes Watch AppUITests";
			sourceTree = "<group>";
		};
/* End PBXGroup section */

/* Begin PBXNativeTarget section */
		2E194D832C76B19F0064621E /* QuickNotes */ = {
			isa = PBXNativeTarget;
			buildConfigurationList = 2E194DB42C76B1A10064621E /* Build configuration list for PBXNativeTarget "QuickNotes" */;
			buildPhases = (
				2E194D822C76B19F0064621E /* Resources */,
				2E194DB32C76B1A10064621E /* Embed Watch Content */,
			);
			buildRules = (
			);
			dependencies = (
				2E194D8D2C76B19F0064621E /* PBXTargetDependency */,
			);
			name = QuickNotes;
			productName = QuickNotes;
			productReference = 2E194D842C76B19F0064621E /* QuickNotes.app */;
			productType = "com.apple.product-type.application.watchapp2-container";
		};
		2E194D892C76B19F0064621E /* QuickNotes Watch App */ = {
			isa = PBXNativeTarget;
			buildConfigurationList = 2E194DB02C76B1A10064621E /* Build configuration list for PBXNativeTarget "QuickNotes Watch App" */;
			buildPhases = (
				2E194D862C76B19F0064621E /* Sources */,
				2E194D872C76B19F0064621E /* Frameworks */,
				2E194D882C76B19F0064621E /* Resources */,
			);
			buildRules = (
			);
			dependencies = (
			);
			name = "QuickNotes Watch App";
			productName = "QuickNotes Watch App";
			productReference = 2E194D8A2C76B19F0064621E /* QuickNotes Watch App.app */;
			productType = "com.apple.product-type.application";
		};
		2E194D9B2C76B1A10064621E /* QuickNotes Watch AppTests */ = {
			isa = PBXNativeTarget;
			buildConfigurationList = 2E194DB72C76B1A10064621E /* Build configuration list for PBXNativeTarget "QuickNotes Watch AppTests" */;
			buildPhases = (
				2E194D982C76B1A10064621E /* Sources */,
				2E194D992C76B1A10064621E /* Frameworks */,
				2E194D9A2C76B1A10064621E /* Resources */,
			);
			buildRules = (
			);
			dependencies = (
				2E194D9E2C76B1A10064621E /* PBXTargetDependency */,
			);
			name = "QuickNotes Watch AppTests";
			productName = "QuickNotes Watch AppTests";
			productReference = 2E194D9C2C76B1A10064621E /* QuickNotes Watch AppTests.xctest */;
			productType = "com.apple.product-type.bundle.unit-test";
		};
		2E194DA52C76B1A10064621E /* QuickNotes Watch AppUITests */ = {
			isa = PBXNativeTarget;
			buildConfigurationList = 2E194DBA2C76B1A10064621E /* Build configuration list for PBXNativeTarget "QuickNotes Watch AppUITests" */;
			buildPhases = (
				2E194DA22C76B1A10064621E /* Sources */,
				2E194DA32C76B1A10064621E /* Frameworks */,
				2E194DA42C76B1A10064621E /* Resources */,
			);
			buildRules = (
			);
			dependencies = (
				2E194DA82C76B1A10064621E /* PBXTargetDependency */,
			);
			name = "QuickNotes Watch AppUITests";
			productName = "QuickNotes Watch AppUITests";
			productReference = 2E194DA62C76B1A10064621E /* QuickNotes Watch AppUITests.xctest */;
			productType = "com.apple.product-type.bundle.ui-testing";
		};
/* End PBXNativeTarget section */

/* Begin PBXProject section */
		2E194D7E2C76B19F0064621E /* Project object */ = {
			isa = PBXProject;
			attributes = {
				BuildIndependentTargetsInParallel = 1;
				LastSwiftUpdateCheck = 1540;
				LastUpgradeCheck = 1540;
				TargetAttributes = {
					2E194D832C76B19F0064621E = {
						CreatedOnToolsVersion = 15.4;
					};
					2E194D892C76B19F0064621E = {
						CreatedOnToolsVersion = 15.4;
					};
					2E194D9B2C76B1A10064621E = {
						CreatedOnToolsVersion = 15.4;
						TestTargetID = 2E194D892C76B19F0064621E;
					};
					2E194DA52C76B1A10064621E = {
						CreatedOnToolsVersion = 15.4;
						TestTargetID = 2E194D892C76B19F0064621E;
					};
				};
			};
			buildConfigurationList = 2E194D812C76B19F0064621E /* Build configuration list for PBXProject "QuickNotes" */;
			compatibilityVersion = "Xcode 14.0";
			developmentRegion = en;
			hasScannedForEncodings = 0;
			knownRegions = (
				en,
				Base,
			);
			mainGroup = 2E194D7D2C76B19F0064621E;
			productRefGroup = 2E194D852C76B19F0064621E /* Products */;
			projectDirPath = "";
			projectRoot = "";
			targets = (
				2E194D832C76B19F0064621E /* QuickNotes */,
				2E194D892C76B19F0064621E /* QuickNotes Watch App */,
				2E194D9B2C76B1A10064621E /* QuickNotes Watch AppTests */,
				2E194DA52C76B1A10064621E /* QuickNotes Watch AppUITests */,
			);
		};
/* End PBXProject section */

/* Begin PBXResourcesBuildPhase section */
		2E194D822C76B19F0064621E /* Resources */ = {
			isa = PBXResourcesBuildPhase;
			buildActionMask = 2147483647;
			files = (
			);
			runOnlyForDeploymentPostprocessing = 0;
		};
		2E194D882C76B19F0064621E /* Resources */ = {
			isa = PBXResourcesBuildPhase;
			buildActionMask = 2147483647;
			files = (
				2E194D972C76B1A10064621E /* Preview Assets.xcassets in Resources */,
				2E194D942C76B1A10064621E /* Assets.xcassets in Resources */,
			);
			runOnlyForDeploymentPostprocessing = 0;
		};
		2E194D9A2C76B1A10064621E /* Resources */ = {
			isa = PBXResourcesBuildPhase;
			buildActionMask = 2147483647;
			files = (
			);
			runOnlyForDeploymentPostprocessing = 0;
		};
		2E194DA42C76B1A10064621E /* Resources */ = {
			isa = PBXResourcesBuildPhase;
			buildActionMask = 2147483647;
			files = (
			);
			runOnlyForDeploymentPostprocessing = 0;
		};
/* End PBXResourcesBuildPhase section */

/* Begin PBXSourcesBuildPhase section */
		2E194D862C76B19F0064621E /* Sources */ = {
			isa = PBXSourcesBuildPhase;
			buildActionMask = 2147483647;
			files = (
				2E75BD462C78743A0012A8CD /* QuickNotesApp.swift in Sources */,
				2E194D922C76B1A00064621E /* ContentView.swift in Sources */,
				2E75BD422C7854050012A8CD /* AudioHandling.swift in Sources */,
			);
			runOnlyForDeploymentPostprocessing = 0;
		};
		2E194D982C76B1A10064621E /* Sources */ = {
			isa = PBXSourcesBuildPhase;
			buildActionMask = 2147483647;
			files = (
				2E194DA12C76B1A10064621E /* QuickNotes_Watch_AppTests.swift in Sources */,
			);
			runOnlyForDeploymentPostprocessing = 0;
		};
		2E194DA22C76B1A10064621E /* Sources */ = {
			isa = PBXSourcesBuildPhase;
			buildActionMask = 2147483647;
			files = (
				2E194DAD2C76B1A10064621E /* QuickNotes_Watch_AppUITestsLaunchTests.swift in Sources */,
				2E194DAB2C76B1A10064621E /* QuickNotes_Watch_AppUITests.swift in Sources */,
			);
			runOnlyForDeploymentPostprocessing = 0;
		};
/* End PBXSourcesBuildPhase section */

/* Begin PBXTargetDependency section */
		2E194D8D2C76B19F0064621E /* PBXTargetDependency */ = {
			isa = PBXTargetDependency;
			target = 2E194D892C76B19F0064621E /* QuickNotes Watch App */;
			targetProxy = 2E194D8C2C76B19F0064621E /* PBXContainerItemProxy */;
		};
		2E194D9E2C76B1A10064621E /* PBXTargetDependency */ = {
			isa = PBXTargetDependency;
			target = 2E194D892C76B19F0064621E /* QuickNotes Watch App */;
			targetProxy = 2E194D9D2C76B1A10064621E /* PBXContainerItemProxy */;
		};
		2E194DA82C76B1A10064621E /* PBXTargetDependency */ = {
			isa = PBXTargetDependency;
			target = 2E194D892C76B19F0064621E /* QuickNotes Watch App */;
			targetProxy = 2E194DA72C76B1A10064621E /* PBXContainerItemProxy */;
		};
/* End PBXTargetDependency section */

/* Begin XCBuildConfiguration section */
		2E194DAE2C76B1A10064621E /* Debug */ = {
			isa = XCBuildConfiguration;
			buildSettings = {
				ALWAYS_SEARCH_USER_PATHS = NO;
				ASSETCATALOG_COMPILER_GENERATE_SWIFT_ASSET_SYMBOL_EXTENSIONS = YES;
				CLANG_ANALYZER_NONNULL = YES;
				CLANG_ANALYZER_NUMBER_OBJECT_CONVERSION = YES_AGGRESSIVE;
				CLANG_CXX_LANGUAGE_STANDARD = "gnu++20";
				CLANG_ENABLE_MODULES = YES;
				CLANG_ENABLE_OBJC_ARC = YES;
				CLANG_ENABLE_OBJC_WEAK = YES;
				CLANG_WARN_BLOCK_CAPTURE_AUTORELEASING = YES;
				CLANG_WARN_BOOL_CONVERSION = YES;
				CLANG_WARN_COMMA = YES;
				CLANG_WARN_CONSTANT_CONVERSION = YES;
				CLANG_WARN_DEPRECATED_OBJC_IMPLEMENTATIONS = YES;
				CLANG_WARN_DIRECT_OBJC_ISA_USAGE = YES_ERROR;
				CLANG_WARN_DOCUMENTATION_COMMENTS = YES;
				CLANG_WARN_EMPTY_BODY = YES;
				CLANG_WARN_ENUM_CONVERSION = YES;
				CLANG_WARN_INFINITE_RECURSION = YES;
				CLANG_WARN_INT_CONVERSION = YES;
				CLANG_WARN_NON_LITERAL_NULL_CONVERSION = YES;
				CLANG_WARN_OBJC_IMPLICIT_RETAIN_SELF = YES;
				CLANG_WARN_OBJC_LITERAL_CONVERSION = YES;
				CLANG_WARN_OBJC_ROOT_CLASS = YES_ERROR;
				CLANG_WARN_QUOTED_INCLUDE_IN_FRAMEWORK_HEADER = YES;
				CLANG_WARN_RANGE_LOOP_ANALYSIS = YES;
				CLANG_WARN_STRICT_PROTOTYPES = YES;
				CLANG_WARN_SUSPICIOUS_MOVE = YES;
				CLANG_WARN_UNGUARDED_AVAILABILITY = YES_AGGRESSIVE;
				CLANG_WARN_UNREACHABLE_CODE = YES;
				CLANG_WARN__DUPLICATE_METHOD_MATCH = YES;
				COPY_PHASE_STRIP = NO;
				DEBUG_INFORMATION_FORMAT = dwarf;
				ENABLE_STRICT_OBJC_MSGSEND = YES;
				ENABLE_TESTABILITY = YES;
				ENABLE_USER_SCRIPT_SANDBOXING = YES;
				GCC_C_LANGUAGE_STANDARD = gnu17;
				GCC_DYNAMIC_NO_PIC = NO;
				GCC_NO_COMMON_BLOCKS = YES;
				GCC_OPTIMIZATION_LEVEL = 0;
				GCC_PREPROCESSOR_DEFINITIONS = (
					"DEBUG=1",
					"$(inherited)",
				);
				GCC_WARN_64_TO_32_BIT_CONVERSION = YES;
				GCC_WARN_ABOUT_RETURN_TYPE = YES_ERROR;
				GCC_WARN_UNDECLARED_SELECTOR = YES;
				GCC_WARN_UNINITIALIZED_AUTOS = YES_AGGRESSIVE;
				GCC_WARN_UNUSED_FUNCTION = YES;
				GCC_WARN_UNUSED_VARIABLE = YES;
				LOCALIZATION_PREFERS_STRING_CATALOGS = YES;
				MTL_ENABLE_DEBUG_INFO = INCLUDE_SOURCE;
				MTL_FAST_MATH = YES;
				ONLY_ACTIVE_ARCH = YES;
				SWIFT_ACTIVE_COMPILATION_CONDITIONS = "DEBUG $(inherited)";
				SWIFT_OPTIMIZATION_LEVEL = "-Onone";
			};
			name = Debug;
		};
		2E194DAF2C76B1A10064621E /* Release */ = {
			isa = XCBuildConfiguration;
			buildSettings = {
				ALWAYS_SEARCH_USER_PATHS = NO;
				ASSETCATALOG_COMPILER_GENERATE_SWIFT_ASSET_SYMBOL_EXTENSIONS = YES;
				CLANG_ANALYZER_NONNULL = YES;
				CLANG_ANALYZER_NUMBER_OBJECT_CONVERSION = YES_AGGRESSIVE;
				CLANG_CXX_LANGUAGE_STANDARD = "gnu++20";
				CLANG_ENABLE_MODULES = YES;
				CLANG_ENABLE_OBJC_ARC = YES;
				CLANG_ENABLE_OBJC_WEAK = YES;
				CLANG_WARN_BLOCK_CAPTURE_AUTORELEASING = YES;
				CLANG_WARN_BOOL_CONVERSION = YES;
				CLANG_WARN_COMMA = YES;
				CLANG_WARN_CONSTANT_CONVERSION = YES;
				CLANG_WARN_DEPRECATED_OBJC_IMPLEMENTATIONS = YES;
				CLANG_WARN_DIRECT_OBJC_ISA_USAGE = YES_ERROR;
				CLANG_WARN_DOCUMENTATION_COMMENTS = YES;
				CLANG_WARN_EMPTY_BODY = YES;
				CLANG_WARN_ENUM_CONVERSION = YES;
				CLANG_WARN_INFINITE_RECURSION = YES;
				CLANG_WARN_INT_CONVERSION = YES;
				CLANG_WARN_NON_LITERAL_NULL_CONVERSION = YES;
				CLANG_WARN_OBJC_IMPLICIT_RETAIN_SELF = YES;
				CLANG_WARN_OBJC_LITERAL_CONVERSION = YES;
				CLANG_WARN_OBJC_ROOT_CLASS = YES_ERROR;
				CLANG_WARN_QUOTED_INCLUDE_IN_FRAMEWORK_HEADER = YES;
				CLANG_WARN_RANGE_LOOP_ANALYSIS = YES;
				CLANG_WARN_STRICT_PROTOTYPES = YES;
				CLANG_WARN_SUSPICIOUS_MOVE = YES;
				CLANG_WARN_UNGUARDED_AVAILABILITY = YES_AGGRESSIVE;
				CLANG_WARN_UNREACHABLE_CODE = YES;
				CLANG_WARN__DUPLICATE_METHOD_MATCH = YES;
				COPY_PHASE_STRIP = NO;
				DEBUG_INFORMATION_FORMAT = "dwarf-with-dsym";
				ENABLE_NS_ASSERTIONS = NO;
				ENABLE_STRICT_OBJC_MSGSEND = YES;
				ENABLE_USER_SCRIPT_SANDBOXING = YES;
				GCC_C_LANGUAGE_STANDARD = gnu17;
				GCC_NO_COMMON_BLOCKS = YES;
				GCC_WARN_64_TO_32_BIT_CONVERSION = YES;
				GCC_WARN_ABOUT_RETURN_TYPE = YES_ERROR;
				GCC_WARN_UNDECLARED_SELECTOR = YES;
				GCC_WARN_UNINITIALIZED_AUTOS = YES_AGGRESSIVE;
				GCC_WARN_UNUSED_FUNCTION = YES;
				GCC_WARN_UNUSED_VARIABLE = YES;
				LOCALIZATION_PREFERS_STRING_CATALOGS = YES;
				MTL_ENABLE_DEBUG_INFO = NO;
				MTL_FAST_MATH = YES;
				SWIFT_COMPILATION_MODE = wholemodule;
			};
			name = Release;
		};
		2E194DB12C76B1A10064621E /* Debug */ = {
			isa = XCBuildConfiguration;
			buildSettings = {
				ASSETCATALOG_COMPILER_APPICON_NAME = AppIcon;
				ASSETCATALOG_COMPILER_GLOBAL_ACCENT_COLOR_NAME = AccentColor;
				CODE_SIGN_STYLE = Automatic;
				CURRENT_PROJECT_VERSION = 1;
				DEVELOPMENT_ASSET_PATHS = "\"QuickNotes Watch App/Preview Content\"";
				DEVELOPMENT_TEAM = EB2GVA2QCU;
				ENABLE_PREVIEWS = YES;
				GENERATE_INFOPLIST_FILE = YES;
				INFOPLIST_KEY_CFBundleDisplayName = QuickNotes;
				INFOPLIST_KEY_UISupportedInterfaceOrientations = "UIInterfaceOrientationPortrait UIInterfaceOrientationPortraitUpsideDown";
				INFOPLIST_KEY_WKWatchOnly = YES;
				LD_RUNPATH_SEARCH_PATHS = (
					"$(inherited)",
					"@executable_path/Frameworks",
				);
				MARKETING_VERSION = 1.0;
				PRODUCT_BUNDLE_IDENTIFIER = NA.QuickNotes.watchkitapp;
				PRODUCT_NAME = "$(TARGET_NAME)";
				SDKROOT = watchos;
				SKIP_INSTALL = YES;
				SWIFT_EMIT_LOC_STRINGS = YES;
				SWIFT_VERSION = 5.0;
				TARGETED_DEVICE_FAMILY = 4;
				WATCHOS_DEPLOYMENT_TARGET = 10.5;
			};
			name = Debug;
		};
		2E194DB22C76B1A10064621E /* Release */ = {
			isa = XCBuildConfiguration;
			buildSettings = {
				ASSETCATALOG_COMPILER_APPICON_NAME = AppIcon;
				ASSETCATALOG_COMPILER_GLOBAL_ACCENT_COLOR_NAME = AccentColor;
				CODE_SIGN_STYLE = Automatic;
				CURRENT_PROJECT_VERSION = 1;
				DEVELOPMENT_ASSET_PATHS = "\"QuickNotes Watch App/Preview Content\"";
				DEVELOPMENT_TEAM = EB2GVA2QCU;
				ENABLE_PREVIEWS = YES;
				GENERATE_INFOPLIST_FILE = YES;
				INFOPLIST_KEY_CFBundleDisplayName = QuickNotes;
				INFOPLIST_KEY_UISupportedInterfaceOrientations = "UIInterfaceOrientationPortrait UIInterfaceOrientationPortraitUpsideDown";
				INFOPLIST_KEY_WKWatchOnly = YES;
				LD_RUNPATH_SEARCH_PATHS = (
					"$(inherited)",
					"@executable_path/Frameworks",
				);
				MARKETING_VERSION = 1.0;
				PRODUCT_BUNDLE_IDENTIFIER = NA.QuickNotes.watchkitapp;
				PRODUCT_NAME = "$(TARGET_NAME)";
				SDKROOT = watchos;
				SKIP_INSTALL = YES;
				SWIFT_EMIT_LOC_STRINGS = YES;
				SWIFT_VERSION = 5.0;
				TARGETED_DEVICE_FAMILY = 4;
				VALIDATE_PRODUCT = YES;
				WATCHOS_DEPLOYMENT_TARGET = 10.5;
			};
			name = Release;
		};
		2E194DB52C76B1A10064621E /* Debug */ = {
			isa = XCBuildConfiguration;
			buildSettings = {
				ALWAYS_EMBED_SWIFT_STANDARD_LIBRARIES = YES;
				CODE_SIGN_STYLE = Automatic;
				CURRENT_PROJECT_VERSION = 1;
				DEVELOPMENT_TEAM = EB2GVA2QCU;
				INFOPLIST_KEY_CFBundleDisplayName = QuickNotes;
				MARKETING_VERSION = 1.0;
				PRODUCT_BUNDLE_IDENTIFIER = NA.QuickNotes;
				PRODUCT_NAME = "$(TARGET_NAME)";
				SDKROOT = iphoneos;
				SWIFT_VERSION = 5.0;
			};
			name = Debug;
		};
		2E194DB62C76B1A10064621E /* Release */ = {
			isa = XCBuildConfiguration;
			buildSettings = {
				ALWAYS_EMBED_SWIFT_STANDARD_LIBRARIES = YES;
				CODE_SIGN_STYLE = Automatic;
				CURRENT_PROJECT_VERSION = 1;
				DEVELOPMENT_TEAM = EB2GVA2QCU;
				INFOPLIST_KEY_CFBundleDisplayName = QuickNotes;
				MARKETING_VERSION = 1.0;
				PRODUCT_BUNDLE_IDENTIFIER = NA.QuickNotes;
				PRODUCT_NAME = "$(TARGET_NAME)";
				SDKROOT = iphoneos;
				SWIFT_VERSION = 5.0;
				VALIDATE_PRODUCT = YES;
			};
			name = Release;
		};
		2E194DB82C76B1A10064621E /* Debug */ = {
			isa = XCBuildConfiguration;
			buildSettings = {
				ALWAYS_EMBED_SWIFT_STANDARD_LIBRARIES = YES;
				BUNDLE_LOADER = "$(TEST_HOST)";
				CODE_SIGN_STYLE = Automatic;
				CURRENT_PROJECT_VERSION = 1;
				DEVELOPMENT_TEAM = EB2GVA2QCU;
				GENERATE_INFOPLIST_FILE = YES;
				MARKETING_VERSION = 1.0;
				PRODUCT_BUNDLE_IDENTIFIER = "NA.QuickNotes-Watch-AppTests";
				PRODUCT_NAME = "$(TARGET_NAME)";
				SDKROOT = watchos;
				SWIFT_EMIT_LOC_STRINGS = NO;
				SWIFT_VERSION = 5.0;
				TARGETED_DEVICE_FAMILY = 4;
				TEST_HOST = "$(BUILT_PRODUCTS_DIR)/QuickNotes Watch App.app/$(BUNDLE_EXECUTABLE_FOLDER_PATH)/QuickNotes Watch App";
				WATCHOS_DEPLOYMENT_TARGET = 10.5;
			};
			name = Debug;
		};
		2E194DB92C76B1A10064621E /* Release */ = {
			isa = XCBuildConfiguration;
			buildSettings = {
				ALWAYS_EMBED_SWIFT_STANDARD_LIBRARIES = YES;
				BUNDLE_LOADER = "$(TEST_HOST)";
				CODE_SIGN_STYLE = Automatic;
				CURRENT_PROJECT_VERSION = 1;
				DEVELOPMENT_TEAM = EB2GVA2QCU;
				GENERATE_INFOPLIST_FILE = YES;
				MARKETING_VERSION = 1.0;
				PRODUCT_BUNDLE_IDENTIFIER = "NA.QuickNotes-Watch-AppTests";
				PRODUCT_NAME = "$(TARGET_NAME)";
				SDKROOT = watchos;
				SWIFT_EMIT_LOC_STRINGS = NO;
				SWIFT_VERSION = 5.0;
				TARGETED_DEVICE_FAMILY = 4;
				TEST_HOST = "$(BUILT_PRODUCTS_DIR)/QuickNotes Watch App.app/$(BUNDLE_EXECUTABLE_FOLDER_PATH)/QuickNotes Watch App";
				VALIDATE_PRODUCT = YES;
				WATCHOS_DEPLOYMENT_TARGET = 10.5;
			};
			name = Release;
		};
		2E194DBB2C76B1A10064621E /* Debug */ = {
			isa = XCBuildConfiguration;
			buildSettings = {
				ALWAYS_EMBED_SWIFT_STANDARD_LIBRARIES = YES;
				CODE_SIGN_STYLE = Automatic;
				CURRENT_PROJECT_VERSION = 1;
				DEVELOPMENT_TEAM = EB2GVA2QCU;
				GENERATE_INFOPLIST_FILE = YES;
				MARKETING_VERSION = 1.0;
				PRODUCT_BUNDLE_IDENTIFIER = "NA.QuickNotes-Watch-AppUITests";
				PRODUCT_NAME = "$(TARGET_NAME)";
				SDKROOT = watchos;
				SWIFT_EMIT_LOC_STRINGS = NO;
				SWIFT_VERSION = 5.0;
				TARGETED_DEVICE_FAMILY = 4;
				TEST_TARGET_NAME = "QuickNotes Watch App";
				WATCHOS_DEPLOYMENT_TARGET = 10.5;
			};
			name = Debug;
		};
		2E194DBC2C76B1A10064621E /* Release */ = {
			isa = XCBuildConfiguration;
			buildSettings = {
				ALWAYS_EMBED_SWIFT_STANDARD_LIBRARIES = YES;
				CODE_SIGN_STYLE = Automatic;
				CURRENT_PROJECT_VERSION = 1;
				DEVELOPMENT_TEAM = EB2GVA2QCU;
				GENERATE_INFOPLIST_FILE = YES;
				MARKETING_VERSION = 1.0;
				PRODUCT_BUNDLE_IDENTIFIER = "NA.QuickNotes-Watch-AppUITests";
				PRODUCT_NAME = "$(TARGET_NAME)";
				SDKROOT = watchos;
				SWIFT_EMIT_LOC_STRINGS = NO;
				SWIFT_VERSION = 5.0;
				TARGETED_DEVICE_FAMILY = 4;
				TEST_TARGET_NAME = "QuickNotes Watch App";
				VALIDATE_PRODUCT = YES;
				WATCHOS_DEPLOYMENT_TARGET = 10.5;
			};
			name = Release;
		};
/* End XCBuildConfiguration section */

/* Begin XCConfigurationList section */
		2E194D812C76B19F0064621E /* Build configuration list for PBXProject "QuickNotes" */ = {
			isa = XCConfigurationList;
			buildConfigurations = (
				2E194DAE2C76B1A10064621E /* Debug */,
				2E194DAF2C76B1A10064621E /* Release */,
			);
			defaultConfigurationIsVisible = 0;
			defaultConfigurationName = Release;
		};
		2E194DB02C76B1A10064621E /* Build configuration list for PBXNativeTarget "QuickNotes Watch App" */ = {
			isa = XCConfigurationList;
			buildConfigurations = (
				2E194DB12C76B1A10064621E /* Debug */,
				2E194DB22C76B1A10064621E /* Release */,
			);
			defaultConfigurationIsVisible = 0;
			defaultConfigurationName = Release;
		};
		2E194DB42C76B1A10064621E /* Build configuration list for PBXNativeTarget "QuickNotes" */ = {
			isa = XCConfigurationList;
			buildConfigurations = (
				2E194DB52C76B1A10064621E /* Debug */,
				2E194DB62C76B1A10064621E /* Release */,
			);
			defaultConfigurationIsVisible = 0;
			defaultConfigurationName = Release;
		};
		2E194DB72C76B1A10064621E /* Build configuration list for PBXNativeTarget "QuickNotes Watch AppTests" */ = {
			isa = XCConfigurationList;
			buildConfigurations = (
				2E194DB82C76B1A10064621E /* Debug */,
				2E194DB92C76B1A10064621E /* Release */,
			);
			defaultConfigurationIsVisible = 0;
			defaultConfigurationName = Release;
		};
		2E194DBA2C76B1A10064621E /* Build configuration list for PBXNativeTarget "QuickNotes Watch AppUITests" */ = {
			isa = XCConfigurationList;
			buildConfigurations = (
				2E194DBB2C76B1A10064621E /* Debug */,
				2E194DBC2C76B1A10064621E /* Release */,
			);
			defaultConfigurationIsVisible = 0;
			defaultConfigurationName = Release;
		};
/* End XCConfigurationList section */
	};
	rootObject = 2E194D7E2C76B19F0064621E /* Project object */;
}
